
Microsoft Visual Studio Solution File, Format Version 12.00
# Visual Studio 15
VisualStudioVersion = 15.0.28307.852
MinimumVisualStudioVersion = 10.0.40219.1
Project("{FAE04EC0-301F-11D3-BF4B-00C04F79EFBC}") = "ClimateVisualizer", "ClimateVisualizer\ClimateVisualizer.csproj", "{0816F007-4F8A-435F-B046-F66C49C3493C}"
EndProject
Global
	GlobalSection(SolutionConfigurationPlatforms) = preSolution
		Debug|Any CPU = Debug|Any CPU
		Release|Any CPU = Release|Any CPU
	EndGlobalSection
	GlobalSection(ProjectConfigurationPlatforms) = postSolution
		{0816F007-4F8A-435F-B046-F66C49C3493C}.Debug|Any CPU.ActiveCfg = Debug|Any CPU
		{0816F007-4F8A-435F-B046-F66C49C3493C}.Debug|Any CPU.Build.0 = Debug|Any CPU
		{0816F007-4F8A-435F-B046-F66C49C3493C}.Release|Any CPU.ActiveCfg = Release|Any CPU
		{0816F007-4F8A-435F-B046-F66C49C3493C}.Release|Any CPU.Build.0 = Release|Any CPU
	EndGlobalSection
	GlobalSection(SolutionProperties) = preSolution
		HideSolutionNode = FALSE
	EndGlobalSection
	GlobalSection(ExtensibilityGlobals) = postSolution
		SolutionGuid = {6477BED9-B121-4D90-8185-D11A12EE2D97}
	EndGlobalSection
EndGlobal
